<?xml version="1.0" encoding="utf-8"?>
<Project ToolsVersion="4.0" xmlns="http://schemas.microsoft.com/developer/msbuild/2003">
  <ItemGroup>
    <ClCompile Include="src\ofApp.cpp">
      <Filter>src</Filter>
    </ClCompile>
    <ClCompile Include="src\main.cpp">
      <Filter>src</Filter>
    </ClCompile>
    <ClCompile Include="src\main.cpp">
      <Filter>src</Filter>
    </ClCompile>
    <ClCompile Include="src\ofApp.cpp">
      <Filter>src</Filter>
    </ClCompile>
    <ClCompile Include="..\..\of_v0.11.0_vs2017_release\addons\ofxGui\src\ofxBaseGui.cpp">
      <Filter>addons\ofxGui\src</Filter>
    </ClCompile>
    <ClCompile Include="..\..\of_v0.11.0_vs2017_release\addons\ofxGui\src\ofxButton.cpp">
      <Filter>addons\ofxGui\src</Filter>
    </ClCompile>
    <ClCompile Include="..\..\of_v0.11.0_vs2017_release\addons\ofxGui\src\ofxColorPicker.cpp">
      <Filter>addons\ofxGui\src</Filter>
    </ClCompile>
    <ClCompile Include="..\..\of_v0.11.0_vs2017_release\addons\ofxGui\src\ofxGuiGroup.cpp">
      <Filter>addons\ofxGui\src</Filter>
    </ClCompile>
    <ClCompile Include="..\..\of_v0.11.0_vs2017_release\addons\ofxGui\src\ofxInputField.cpp">
      <Filter>addons\ofxGui\src</Filter>
    </ClCompile>
    <ClCompile Include="..\..\of_v0.11.0_vs2017_release\addons\ofxGui\src\ofxLabel.cpp">
      <Filter>addons\ofxGui\src</Filter>
    </ClCompile>
    <ClCompile Include="..\..\of_v0.11.0_vs2017_release\addons\ofxGui\src\ofxPanel.cpp">
      <Filter>addons\ofxGui\src</Filter>
    </ClCompile>
    <ClCompile Include="..\..\of_v0.11.0_vs2017_release\addons\ofxGui\src\ofxSlider.cpp">
      <Filter>addons\ofxGui\src</Filter>
    </ClCompile>
    <ClCompile Include="..\..\of_v0.11.0_vs2017_release\addons\ofxGui\src\ofxSliderGroup.cpp">
      <Filter>addons\ofxGui\src</Filter>
    </ClCompile>
    <ClCompile Include="..\..\of_v0.11.0_vs2017_release\addons\ofxGui\src\ofxToggle.cpp">
      <Filter>addons\ofxGui\src</Filter>
    </ClCompile>
    <ClCompile Include="..\..\of_v0.11.0_vs2017_release\addons\ofxThreadedImageLoader\src\ofxThreadedImageLoader.cpp">
      <Filter>addons\ofxThreadedImageLoader\src</Filter>
    </ClCompile>
    <ClCompile Include="..\..\of_v0.11.0_vs2017_release\addons\ofxPoco\src\ofxXmlPoco.cpp">
      <Filter>addons\ofxPoco\src</Filter>
    </ClCompile>
    <ClCompile Include="..\..\of_v0.11.0_vs2017_release\addons\ofxIpVideoGrabber\src\IPVideoGrabber.cpp">
      <Filter>addons\ofxIpVideoGrabber\src</Filter>
    </ClCompile>
    <ClCompile Include="..\..\Classes\Utility\VideoHandler.cpp">
      <Filter>src\external classes</Filter>
    </ClCompile>
  </ItemGroup>
  <ItemGroup>
    <Filter Include="src">
      <UniqueIdentifier>{d8376475-7454-4a24-b08a-aac121d3ad6f}</UniqueIdentifier>
    </Filter>
    <Filter Include="addons">
      <UniqueIdentifier>{71834F65-F3A9-211E-73B8-DC85}</UniqueIdentifier>
    </Filter>
    <Filter Include="addons\ofxGui">
      <UniqueIdentifier>{4F2A59AF-5F4E-704B-D067-EC13}</UniqueIdentifier>
    </Filter>
    <Filter Include="addons\ofxGui\src">
      <UniqueIdentifier>{645E9533-4DCD-6179-1CDF-CB65}</UniqueIdentifier>
    </Filter>
    <Filter Include="addons\ofxThreadedImageLoader">
      <UniqueIdentifier>{4FCFBE74-4716-4092-C67F-91AE}</UniqueIdentifier>
    </Filter>
    <Filter Include="addons\ofxThreadedImageLoader\src">
      <UniqueIdentifier>{96E590A4-6AB6-FE3D-02EC-8D08}</UniqueIdentifier>
    </Filter>
    <Filter Include="addons\ofxPoco">
      <UniqueIdentifier>{3256AE3E-9B29-EA27-C842-CE6B}</UniqueIdentifier>
    </Filter>
    <Filter Include="addons\ofxPoco\src">
      <UniqueIdentifier>{C7D4269D-D8A9-A7BB-531B-98DA}</UniqueIdentifier>
    </Filter>
    <Filter Include="addons\ofxIpVideoGrabber">
      <UniqueIdentifier>{839E8972-32B5-FB54-4E4B-C9E0}</UniqueIdentifier>
    </Filter>
    <Filter Include="addons\ofxIpVideoGrabber\src">
      <UniqueIdentifier>{4E7C034E-4240-1974-DC53-709B}</UniqueIdentifier>
    </Filter>
    <Filter Include="src\external classes">
      <UniqueIdentifier>{b7f265b5-c658-450a-8e2e-a9a405af3536}</UniqueIdentifier>
    </Filter>
  </ItemGroup>
  <ItemGroup>
    <ClInclude Include="src\ofApp.h">
      <Filter>src</Filter>
    </ClInclude>
    <ClInclude Include="src\ofApp.h">
      <Filter>src</Filter>
    </ClInclude>
    <ClInclude Include="..\..\of_v0.11.0_vs2017_release\addons\ofxGui\src\ofxBaseGui.h">
      <Filter>addons\ofxGui\src</Filter>
    </ClInclude>
    <ClInclude Include="..\..\of_v0.11.0_vs2017_release\addons\ofxGui\src\ofxButton.h">
      <Filter>addons\ofxGui\src</Filter>
    </ClInclude>
    <ClInclude Include="..\..\of_v0.11.0_vs2017_release\addons\ofxGui\src\ofxColorPicker.h">
      <Filter>addons\ofxGui\src</Filter>
    </ClInclude>
    <ClInclude Include="..\..\of_v0.11.0_vs2017_release\addons\ofxGui\src\ofxGui.h">
      <Filter>addons\ofxGui\src</Filter>
    </ClInclude>
    <ClInclude Include="..\..\of_v0.11.0_vs2017_release\addons\ofxGui\src\ofxGuiGroup.h">
      <Filter>addons\ofxGui\src</Filter>
    </ClInclude>
    <ClInclude Include="..\..\of_v0.11.0_vs2017_release\addons\ofxGui\src\ofxGuiUtils.h">
      <Filter>addons\ofxGui\src</Filter>
    </ClInclude>
    <ClInclude Include="..\..\of_v0.11.0_vs2017_release\addons\ofxGui\src\ofxInputField.h">
      <Filter>addons\ofxGui\src</Filter>
    </ClInclude>
    <ClInclude Include="..\..\of_v0.11.0_vs2017_release\addons\ofxGui\src\ofxLabel.h">
      <Filter>addons\ofxGui\src</Filter>
    </ClInclude>
    <ClInclude Include="..\..\of_v0.11.0_vs2017_release\addons\ofxGui\src\ofxPanel.h">
      <Filter>addons\ofxGui\src</Filter>
    </ClInclude>
    <ClInclude Include="..\..\of_v0.11.0_vs2017_release\addons\ofxGui\src\ofxSlider.h">
      <Filter>addons\ofxGui\src</Filter>
    </ClInclude>
    <ClInclude Include="..\..\of_v0.11.0_vs2017_release\addons\ofxGui\src\ofxSliderGroup.h">
      <Filter>addons\ofxGui\src</Filter>
    </ClInclude>
    <ClInclude Include="..\..\of_v0.11.0_vs2017_release\addons\ofxGui\src\ofxToggle.h">
      <Filter>addons\ofxGui\src</Filter>
    </ClInclude>
    <ClInclude Include="..\..\of_v0.11.0_vs2017_release\addons\ofxThreadedImageLoader\src\ofxThreadedImageLoader.h">
      <Filter>addons\ofxThreadedImageLoader\src</Filter>
    </ClInclude>
    <ClInclude Include="..\..\of_v0.11.0_vs2017_release\addons\ofxPoco\src\ofxXmlPoco.h">
      <Filter>addons\ofxPoco\src</Filter>
    </ClInclude>
    <ClInclude Include="..\..\of_v0.11.0_vs2017_release\addons\ofxIpVideoGrabber\src\IPVideoGrabber.h">
      <Filter>addons\ofxIpVideoGrabber\src</Filter>
    </ClInclude>
    <ClInclude Include="..\..\Classes\Utility\ImageHandler.h">
      <Filter>src\external classes</Filter>
    </ClInclude>
    <ClInclude Include="..\..\Classes\Utility\VideoHandler.h">
      <Filter>src\external classes</Filter>
    </ClInclude>
    <ClInclude Include="..\..\Classes\Utility\LocalMediaManager.h">
      <Filter>src\external classes</Filter>
    </ClInclude>
  </ItemGroup>
  <ItemGroup>
    <ResourceCompile Include="icon.rc" />
  </ItemGroup>
</Project>