<?xml version="1.0" encoding="utf-8"?>
<Project ToolsVersion="4.0" xmlns="http://schemas.microsoft.com/developer/msbuild/2003">
  <ItemGroup>
    <ClCompile Include="src\ofApp.cpp">
      <Filter>src</Filter>
    </ClCompile>
    <ClCompile Include="src\main.cpp">
      <Filter>src</Filter>
    </ClCompile>
    <ClCompile Include="src\main.cpp">
      <Filter>src</Filter>
    </ClCompile>
    <ClCompile Include="src\ofApp.cpp">
      <Filter>src</Filter>
    </ClCompile>
    <ClCompile Include="src\ImageParticle.cpp">
      <Filter>src</Filter>
    </ClCompile>
    <ClCompile Include="..\..\of_v0.11.0_vs2017_release\addons\ofxAnimatable\src\ofxAnimatable.cpp">
      <Filter>addons\ofxAnimatable\src</Filter>
    </ClCompile>
    <ClCompile Include="..\..\of_v0.11.0_vs2017_release\addons\ofxAnimatable\src\ofxAnimatableFloat.cpp">
      <Filter>addons\ofxAnimatable\src</Filter>
    </ClCompile>
    <ClCompile Include="..\..\of_v0.11.0_vs2017_release\addons\ofxAnimatable\src\ofxAnimatableOfColor.cpp">
      <Filter>addons\ofxAnimatable\src</Filter>
    </ClCompile>
    <ClCompile Include="..\..\of_v0.11.0_vs2017_release\addons\ofxAnimatable\src\ofxAnimatableOfPoint.cpp">
      <Filter>addons\ofxAnimatable\src</Filter>
    </ClCompile>
    <ClCompile Include="..\..\of_v0.11.0_vs2017_release\addons\ofxAnimatable\src\ofxAnimatableQueue.cpp">
      <Filter>addons\ofxAnimatable\src</Filter>
    </ClCompile>
    <ClCompile Include="..\..\of_v0.11.0_vs2017_release\addons\ofxGui\src\ofxBaseGui.cpp">
      <Filter>addons\ofxGui\src</Filter>
    </ClCompile>
    <ClCompile Include="..\..\of_v0.11.0_vs2017_release\addons\ofxGui\src\ofxButton.cpp">
      <Filter>addons\ofxGui\src</Filter>
    </ClCompile>
    <ClCompile Include="..\..\of_v0.11.0_vs2017_release\addons\ofxGui\src\ofxColorPicker.cpp">
      <Filter>addons\ofxGui\src</Filter>
    </ClCompile>
    <ClCompile Include="..\..\of_v0.11.0_vs2017_release\addons\ofxGui\src\ofxGuiGroup.cpp">
      <Filter>addons\ofxGui\src</Filter>
    </ClCompile>
    <ClCompile Include="..\..\of_v0.11.0_vs2017_release\addons\ofxGui\src\ofxInputField.cpp">
      <Filter>addons\ofxGui\src</Filter>
    </ClCompile>
    <ClCompile Include="..\..\of_v0.11.0_vs2017_release\addons\ofxGui\src\ofxLabel.cpp">
      <Filter>addons\ofxGui\src</Filter>
    </ClCompile>
    <ClCompile Include="..\..\of_v0.11.0_vs2017_release\addons\ofxGui\src\ofxPanel.cpp">
      <Filter>addons\ofxGui\src</Filter>
    </ClCompile>
    <ClCompile Include="..\..\of_v0.11.0_vs2017_release\addons\ofxGui\src\ofxSlider.cpp">
      <Filter>addons\ofxGui\src</Filter>
    </ClCompile>
    <ClCompile Include="..\..\of_v0.11.0_vs2017_release\addons\ofxGui\src\ofxSliderGroup.cpp">
      <Filter>addons\ofxGui\src</Filter>
    </ClCompile>
    <ClCompile Include="..\..\of_v0.11.0_vs2017_release\addons\ofxGui\src\ofxToggle.cpp">
      <Filter>addons\ofxGui\src</Filter>
    </ClCompile>
    <ClCompile Include="..\..\of_v0.11.0_vs2017_release\addons\ofxXmlSettings\src\ofxXmlSettings.cpp">
      <Filter>addons\ofxXmlSettings\src</Filter>
    </ClCompile>
    <ClCompile Include="..\..\of_v0.11.0_vs2017_release\addons\ofxXmlSettings\libs\tinyxml.cpp">
      <Filter>addons\ofxXmlSettings\libs</Filter>
    </ClCompile>
    <ClCompile Include="..\..\of_v0.11.0_vs2017_release\addons\ofxXmlSettings\libs\tinyxmlerror.cpp">
      <Filter>addons\ofxXmlSettings\libs</Filter>
    </ClCompile>
    <ClCompile Include="..\..\of_v0.11.0_vs2017_release\addons\ofxXmlSettings\libs\tinyxmlparser.cpp">
      <Filter>addons\ofxXmlSettings\libs</Filter>
    </ClCompile>
    <ClCompile Include="..\..\of_v0.11.0_vs2017_release\addons\ofxRectangleUtils\src\ofxRectangleUtils.cpp">
      <Filter>addons\ofxRectangleUtils\src</Filter>
    </ClCompile>
    <ClCompile Include="..\..\Classes\Forces\Forces.cpp">
      <Filter>src\ext classes</Filter>
    </ClCompile>
    <ClCompile Include="..\..\Classes\Particle\Particle.cpp">
      <Filter>src\ext classes</Filter>
    </ClCompile>
    <ClCompile Include="src\ImageParticleManager.cpp">
      <Filter>src</Filter>
    </ClCompile>
  </ItemGroup>
  <ItemGroup>
    <Filter Include="src">
      <UniqueIdentifier>{d8376475-7454-4a24-b08a-aac121d3ad6f}</UniqueIdentifier>
    </Filter>
    <Filter Include="addons">
      <UniqueIdentifier>{71834F65-F3A9-211E-73B8-DC85}</UniqueIdentifier>
    </Filter>
    <Filter Include="addons\ofxAnimatable">
      <UniqueIdentifier>{76597DE6-6EC6-9B33-AE16-324A}</UniqueIdentifier>
    </Filter>
    <Filter Include="addons\ofxAnimatable\src">
      <UniqueIdentifier>{9A0AF1AC-D8D7-DC08-0B38-3CC3}</UniqueIdentifier>
    </Filter>
    <Filter Include="addons\ofxGui">
      <UniqueIdentifier>{4F2A59AF-5F4E-704B-D067-EC13}</UniqueIdentifier>
    </Filter>
    <Filter Include="addons\ofxGui\src">
      <UniqueIdentifier>{645E9533-4DCD-6179-1CDF-CB65}</UniqueIdentifier>
    </Filter>
    <Filter Include="addons\ofxXmlSettings">
      <UniqueIdentifier>{877F005D-13E6-0592-1D97-F2E3}</UniqueIdentifier>
    </Filter>
    <Filter Include="addons\ofxXmlSettings\src">
      <UniqueIdentifier>{CCB2AC63-49D2-977C-CFE8-AEAD}</UniqueIdentifier>
    </Filter>
    <Filter Include="addons\ofxXmlSettings\libs">
      <UniqueIdentifier>{687714A8-1662-FA1C-261F-50F0}</UniqueIdentifier>
    </Filter>
    <Filter Include="addons\ofxRectangleUtils">
      <UniqueIdentifier>{43DFE676-E107-FDAD-1C6D-3E69}</UniqueIdentifier>
    </Filter>
    <Filter Include="addons\ofxRectangleUtils\src">
      <UniqueIdentifier>{667F0579-E5DC-19DC-FE66-5511}</UniqueIdentifier>
    </Filter>
    <Filter Include="src\ext classes">
      <UniqueIdentifier>{46e906c4-0c8e-4a7e-815d-4e5bff1c6091}</UniqueIdentifier>
    </Filter>
  </ItemGroup>
  <ItemGroup>
    <ClInclude Include="src\ofApp.h">
      <Filter>src</Filter>
    </ClInclude>
    <ClInclude Include="src\ofApp.h">
      <Filter>src</Filter>
    </ClInclude>
    <ClInclude Include="src\ImageParticleManager.h">
      <Filter>src</Filter>
    </ClInclude>
    <ClInclude Include="src\ImageParticle.h">
      <Filter>src</Filter>
    </ClInclude>
    <ClInclude Include="..\..\of_v0.11.0_vs2017_release\addons\ofxAnimatable\src\ofxAnimatable.h">
      <Filter>addons\ofxAnimatable\src</Filter>
    </ClInclude>
    <ClInclude Include="..\..\of_v0.11.0_vs2017_release\addons\ofxAnimatable\src\ofxAnimatableFloat.h">
      <Filter>addons\ofxAnimatable\src</Filter>
    </ClInclude>
    <ClInclude Include="..\..\of_v0.11.0_vs2017_release\addons\ofxAnimatable\src\ofxAnimatableOfColor.h">
      <Filter>addons\ofxAnimatable\src</Filter>
    </ClInclude>
    <ClInclude Include="..\..\of_v0.11.0_vs2017_release\addons\ofxAnimatable\src\ofxAnimatableOfPoint.h">
      <Filter>addons\ofxAnimatable\src</Filter>
    </ClInclude>
    <ClInclude Include="..\..\of_v0.11.0_vs2017_release\addons\ofxAnimatable\src\ofxAnimatableQueue.h">
      <Filter>addons\ofxAnimatable\src</Filter>
    </ClInclude>
    <ClInclude Include="..\..\of_v0.11.0_vs2017_release\addons\ofxGui\src\ofxBaseGui.h">
      <Filter>addons\ofxGui\src</Filter>
    </ClInclude>
    <ClInclude Include="..\..\of_v0.11.0_vs2017_release\addons\ofxGui\src\ofxButton.h">
      <Filter>addons\ofxGui\src</Filter>
    </ClInclude>
    <ClInclude Include="..\..\of_v0.11.0_vs2017_release\addons\ofxGui\src\ofxColorPicker.h">
      <Filter>addons\ofxGui\src</Filter>
    </ClInclude>
    <ClInclude Include="..\..\of_v0.11.0_vs2017_release\addons\ofxGui\src\ofxGui.h">
      <Filter>addons\ofxGui\src</Filter>
    </ClInclude>
    <ClInclude Include="..\..\of_v0.11.0_vs2017_release\addons\ofxGui\src\ofxGuiGroup.h">
      <Filter>addons\ofxGui\src</Filter>
    </ClInclude>
    <ClInclude Include="..\..\of_v0.11.0_vs2017_release\addons\ofxGui\src\ofxGuiUtils.h">
      <Filter>addons\ofxGui\src</Filter>
    </ClInclude>
    <ClInclude Include="..\..\of_v0.11.0_vs2017_release\addons\ofxGui\src\ofxInputField.h">
      <Filter>addons\ofxGui\src</Filter>
    </ClInclude>
    <ClInclude Include="..\..\of_v0.11.0_vs2017_release\addons\ofxGui\src\ofxLabel.h">
      <Filter>addons\ofxGui\src</Filter>
    </ClInclude>
    <ClInclude Include="..\..\of_v0.11.0_vs2017_release\addons\ofxGui\src\ofxPanel.h">
      <Filter>addons\ofxGui\src</Filter>
    </ClInclude>
    <ClInclude Include="..\..\of_v0.11.0_vs2017_release\addons\ofxGui\src\ofxSlider.h">
      <Filter>addons\ofxGui\src</Filter>
    </ClInclude>
    <ClInclude Include="..\..\of_v0.11.0_vs2017_release\addons\ofxGui\src\ofxSliderGroup.h">
      <Filter>addons\ofxGui\src</Filter>
    </ClInclude>
    <ClInclude Include="..\..\of_v0.11.0_vs2017_release\addons\ofxGui\src\ofxToggle.h">
      <Filter>addons\ofxGui\src</Filter>
    </ClInclude>
    <ClInclude Include="..\..\of_v0.11.0_vs2017_release\addons\ofxXmlSettings\src\ofxXmlSettings.h">
      <Filter>addons\ofxXmlSettings\src</Filter>
    </ClInclude>
    <ClInclude Include="..\..\of_v0.11.0_vs2017_release\addons\ofxXmlSettings\libs\tinyxml.h">
      <Filter>addons\ofxXmlSettings\libs</Filter>
    </ClInclude>
    <ClInclude Include="..\..\of_v0.11.0_vs2017_release\addons\ofxRectangleUtils\src\ofAbstractRectanglePacker.h">
      <Filter>addons\ofxRectangleUtils\src</Filter>
    </ClInclude>
    <ClInclude Include="..\..\of_v0.11.0_vs2017_release\addons\ofxRectangleUtils\src\ofBaseOnlineRectanglePacker.h">
      <Filter>addons\ofxRectangleUtils\src</Filter>
    </ClInclude>
    <ClInclude Include="..\..\of_v0.11.0_vs2017_release\addons\ofxRectangleUtils\src\ofRectanglePacker.h">
      <Filter>addons\ofxRectangleUtils\src</Filter>
    </ClInclude>
    <ClInclude Include="..\..\of_v0.11.0_vs2017_release\addons\ofxRectangleUtils\src\ofxRectangleUtils.h">
      <Filter>addons\ofxRectangleUtils\src</Filter>
    </ClInclude>
    <ClInclude Include="..\..\Classes\Forces\Forces.h">
      <Filter>src\ext classes</Filter>
    </ClInclude>
    <ClInclude Include="..\..\Classes\Particle\Particle.h">
      <Filter>src\ext classes</Filter>
    </ClInclude>
    <ClInclude Include="..\..\Classes\Particle\ParticleManager.h">
      <Filter>src\ext classes</Filter>
    </ClInclude>
    <ClInclude Include="..\..\Classes\Utility\ImageHandler.h">
      <Filter>src\ext classes</Filter>
    </ClInclude>
  </ItemGroup>
  <ItemGroup>
    <ResourceCompile Include="icon.rc" />
  </ItemGroup>
</Project>