<?xml version="1.0" encoding="utf-8"?>
<Project ToolsVersion="4.0" xmlns="http://schemas.microsoft.com/developer/msbuild/2003">
  <ItemGroup>
    <ClCompile Include="src\ofApp.cpp">
      <Filter>src</Filter>
    </ClCompile>
    <ClCompile Include="src\main.cpp">
      <Filter>src</Filter>
    </ClCompile>
    <ClCompile Include="..\..\of_v0.11.0_vs2017_release\addons\ofxAnimatable\src\ofxAnimatable.cpp">
      <Filter>addons\ofxAnimatable\src</Filter>
    </ClCompile>
    <ClCompile Include="..\..\of_v0.11.0_vs2017_release\addons\ofxAnimatable\src\ofxAnimatableFloat.cpp">
      <Filter>addons\ofxAnimatable\src</Filter>
    </ClCompile>
    <ClCompile Include="..\..\of_v0.11.0_vs2017_release\addons\ofxAnimatable\src\ofxAnimatableOfColor.cpp">
      <Filter>addons\ofxAnimatable\src</Filter>
    </ClCompile>
    <ClCompile Include="..\..\of_v0.11.0_vs2017_release\addons\ofxAnimatable\src\ofxAnimatableOfPoint.cpp">
      <Filter>addons\ofxAnimatable\src</Filter>
    </ClCompile>
    <ClCompile Include="..\..\of_v0.11.0_vs2017_release\addons\ofxAnimatable\src\ofxAnimatableQueue.cpp">
      <Filter>addons\ofxAnimatable\src</Filter>
    </ClCompile>
    <ClCompile Include="..\..\of_v0.11.0_vs2017_release\addons\ofxGui\src\ofxBaseGui.cpp">
      <Filter>addons\ofxGui\src</Filter>
    </ClCompile>
    <ClCompile Include="..\..\of_v0.11.0_vs2017_release\addons\ofxGui\src\ofxButton.cpp">
      <Filter>addons\ofxGui\src</Filter>
    </ClCompile>
    <ClCompile Include="..\..\of_v0.11.0_vs2017_release\addons\ofxGui\src\ofxColorPicker.cpp">
      <Filter>addons\ofxGui\src</Filter>
    </ClCompile>
    <ClCompile Include="..\..\of_v0.11.0_vs2017_release\addons\ofxGui\src\ofxGuiGroup.cpp">
      <Filter>addons\ofxGui\src</Filter>
    </ClCompile>
    <ClCompile Include="..\..\of_v0.11.0_vs2017_release\addons\ofxGui\src\ofxInputField.cpp">
      <Filter>addons\ofxGui\src</Filter>
    </ClCompile>
    <ClCompile Include="..\..\of_v0.11.0_vs2017_release\addons\ofxGui\src\ofxLabel.cpp">
      <Filter>addons\ofxGui\src</Filter>
    </ClCompile>
    <ClCompile Include="..\..\of_v0.11.0_vs2017_release\addons\ofxGui\src\ofxPanel.cpp">
      <Filter>addons\ofxGui\src</Filter>
    </ClCompile>
    <ClCompile Include="..\..\of_v0.11.0_vs2017_release\addons\ofxGui\src\ofxSlider.cpp">
      <Filter>addons\ofxGui\src</Filter>
    </ClCompile>
    <ClCompile Include="..\..\of_v0.11.0_vs2017_release\addons\ofxGui\src\ofxSliderGroup.cpp">
      <Filter>addons\ofxGui\src</Filter>
    </ClCompile>
    <ClCompile Include="..\..\of_v0.11.0_vs2017_release\addons\ofxGui\src\ofxToggle.cpp">
      <Filter>addons\ofxGui\src</Filter>
    </ClCompile>
    <ClCompile Include="..\..\of_v0.11.0_vs2017_release\addons\ofxPoco\src\ofxXmlPoco.cpp">
      <Filter>addons\ofxPoco\src</Filter>
    </ClCompile>
    <ClCompile Include="..\..\of_v0.11.0_vs2017_release\addons\ofxIpVideoGrabber\src\IPVideoGrabber.cpp">
      <Filter>addons\ofxIpVideoGrabber\src</Filter>
    </ClCompile>
    <ClCompile Include="..\..\Classes\Utility\VideoHandler.cpp">
      <Filter>src\external classes</Filter>
    </ClCompile>
    <ClCompile Include="..\..\Classes\Utility\ColourPalette.cpp">
      <Filter>src\external classes</Filter>
    </ClCompile>
  </ItemGroup>
  <ItemGroup>
    <Filter Include="src">
      <UniqueIdentifier>{d8376475-7454-4a24-b08a-aac121d3ad6f}</UniqueIdentifier>
    </Filter>
    <Filter Include="addons">
      <UniqueIdentifier>{71834F65-F3A9-211E-73B8-DC85}</UniqueIdentifier>
    </Filter>
    <Filter Include="addons\ofxAnimatable">
      <UniqueIdentifier>{76597DE6-6EC6-9B33-AE16-324A}</UniqueIdentifier>
    </Filter>
    <Filter Include="addons\ofxAnimatable\src">
      <UniqueIdentifier>{9A0AF1AC-D8D7-DC08-0B38-3CC3}</UniqueIdentifier>
    </Filter>
    <Filter Include="addons\ofxGui">
      <UniqueIdentifier>{4F2A59AF-5F4E-704B-D067-EC13}</UniqueIdentifier>
    </Filter>
    <Filter Include="addons\ofxGui\src">
      <UniqueIdentifier>{645E9533-4DCD-6179-1CDF-CB65}</UniqueIdentifier>
    </Filter>
    <Filter Include="addons\ofxPoco">
      <UniqueIdentifier>{3256AE3E-9B29-EA27-C842-CE6B}</UniqueIdentifier>
    </Filter>
    <Filter Include="addons\ofxPoco\src">
      <UniqueIdentifier>{C7D4269D-D8A9-A7BB-531B-98DA}</UniqueIdentifier>
    </Filter>
    <Filter Include="addons\ofxIpVideoGrabber">
      <UniqueIdentifier>{839E8972-32B5-FB54-4E4B-C9E0}</UniqueIdentifier>
    </Filter>
    <Filter Include="addons\ofxIpVideoGrabber\src">
      <UniqueIdentifier>{4E7C034E-4240-1974-DC53-709B}</UniqueIdentifier>
    </Filter>
    <Filter Include="src\external classes">
      <UniqueIdentifier>{7d9624f0-c229-45bd-88dd-46b487510fe4}</UniqueIdentifier>
    </Filter>
  </ItemGroup>
  <ItemGroup>
    <ClInclude Include="src\ofApp.h">
      <Filter>src</Filter>
    </ClInclude>
    <ClInclude Include="..\..\of_v0.11.0_vs2017_release\addons\ofxAnimatable\src\ofxAnimatable.h">
      <Filter>addons\ofxAnimatable\src</Filter>
    </ClInclude>
    <ClInclude Include="..\..\of_v0.11.0_vs2017_release\addons\ofxAnimatable\src\ofxAnimatableFloat.h">
      <Filter>addons\ofxAnimatable\src</Filter>
    </ClInclude>
    <ClInclude Include="..\..\of_v0.11.0_vs2017_release\addons\ofxAnimatable\src\ofxAnimatableOfColor.h">
      <Filter>addons\ofxAnimatable\src</Filter>
    </ClInclude>
    <ClInclude Include="..\..\of_v0.11.0_vs2017_release\addons\ofxAnimatable\src\ofxAnimatableOfPoint.h">
      <Filter>addons\ofxAnimatable\src</Filter>
    </ClInclude>
    <ClInclude Include="..\..\of_v0.11.0_vs2017_release\addons\ofxAnimatable\src\ofxAnimatableQueue.h">
      <Filter>addons\ofxAnimatable\src</Filter>
    </ClInclude>
    <ClInclude Include="..\..\of_v0.11.0_vs2017_release\addons\ofxGui\src\ofxBaseGui.h">
      <Filter>addons\ofxGui\src</Filter>
    </ClInclude>
    <ClInclude Include="..\..\of_v0.11.0_vs2017_release\addons\ofxGui\src\ofxButton.h">
      <Filter>addons\ofxGui\src</Filter>
    </ClInclude>
    <ClInclude Include="..\..\of_v0.11.0_vs2017_release\addons\ofxGui\src\ofxColorPicker.h">
      <Filter>addons\ofxGui\src</Filter>
    </ClInclude>
    <ClInclude Include="..\..\of_v0.11.0_vs2017_release\addons\ofxGui\src\ofxGui.h">
      <Filter>addons\ofxGui\src</Filter>
    </ClInclude>
    <ClInclude Include="..\..\of_v0.11.0_vs2017_release\addons\ofxGui\src\ofxGuiGroup.h">
      <Filter>addons\ofxGui\src</Filter>
    </ClInclude>
    <ClInclude Include="..\..\of_v0.11.0_vs2017_release\addons\ofxGui\src\ofxGuiUtils.h">
      <Filter>addons\ofxGui\src</Filter>
    </ClInclude>
    <ClInclude Include="..\..\of_v0.11.0_vs2017_release\addons\ofxGui\src\ofxInputField.h">
      <Filter>addons\ofxGui\src</Filter>
    </ClInclude>
    <ClInclude Include="..\..\of_v0.11.0_vs2017_release\addons\ofxGui\src\ofxLabel.h">
      <Filter>addons\ofxGui\src</Filter>
    </ClInclude>
    <ClInclude Include="..\..\of_v0.11.0_vs2017_release\addons\ofxGui\src\ofxPanel.h">
      <Filter>addons\ofxGui\src</Filter>
    </ClInclude>
    <ClInclude Include="..\..\of_v0.11.0_vs2017_release\addons\ofxGui\src\ofxSlider.h">
      <Filter>addons\ofxGui\src</Filter>
    </ClInclude>
    <ClInclude Include="..\..\of_v0.11.0_vs2017_release\addons\ofxGui\src\ofxSliderGroup.h">
      <Filter>addons\ofxGui\src</Filter>
    </ClInclude>
    <ClInclude Include="..\..\of_v0.11.0_vs2017_release\addons\ofxGui\src\ofxToggle.h">
      <Filter>addons\ofxGui\src</Filter>
    </ClInclude>
    <ClInclude Include="..\..\of_v0.11.0_vs2017_release\addons\ofxPoco\src\ofxXmlPoco.h">
      <Filter>addons\ofxPoco\src</Filter>
    </ClInclude>
    <ClInclude Include="..\..\of_v0.11.0_vs2017_release\addons\ofxIpVideoGrabber\src\IPVideoGrabber.h">
      <Filter>addons\ofxIpVideoGrabber\src</Filter>
    </ClInclude>
    <ClInclude Include="..\..\Classes\Utility\VideoHandler.h">
      <Filter>src\external classes</Filter>
    </ClInclude>
    <ClInclude Include="..\..\Classes\Utility\ColourPalette.h">
      <Filter>src\external classes</Filter>
    </ClInclude>
  </ItemGroup>
  <ItemGroup>
    <ResourceCompile Include="icon.rc" />
  </ItemGroup>
</Project>